
Microsoft Visual Studio Solution File, Format Version 12.00
# Visual Studio 15
VisualStudioVersion = 15.0.26430.6
MinimumVisualStudioVersion = 10.0.40219.1
Project("{FAE04EC0-301F-11D3-BF4B-00C04F79EFBC}") = "Sklad.Android", "Sklad\Sklad.Android\Sklad.Android.csproj", "{0E9E66A5-61A0-4A3D-B912-2A27A7AC0646}"
EndProject
Project("{FAE04EC0-301F-11D3-BF4B-00C04F79EFBC}") = "Sklad", "Sklad\Sklad\Sklad.csproj", "{F00DF161-533C-4A78-8AD6-0FA4A782E65D}"
EndProject
Project("{FAE04EC0-301F-11D3-BF4B-00C04F79EFBC}") = "Sklad.UWP", "Sklad\Sklad.UWP\Sklad.UWP.csproj", "{331FF2F3-7723-4C71-96D4-E016153B36D4}"
EndProject
Project("{FAE04EC0-301F-11D3-BF4B-00C04F79EFBC}") = "Sklad.iOS", "Sklad\Sklad.iOS\Sklad.iOS.csproj", "{E9CBF2B8-26E4-4925-A505-7E2D08B2A0F7}"
EndProject
Global
	GlobalSection(SolutionConfigurationPlatforms) = preSolution
		Ad-Hoc|Any CPU = Ad-Hoc|Any CPU
		Ad-Hoc|ARM = Ad-Hoc|ARM
		Ad-Hoc|iPhone = Ad-Hoc|iPhone
		Ad-Hoc|iPhoneSimulator = Ad-Hoc|iPhoneSimulator
		Ad-Hoc|x64 = Ad-Hoc|x64
		Ad-Hoc|x86 = Ad-Hoc|x86
		AppStore|Any CPU = AppStore|Any CPU
		AppStore|ARM = AppStore|ARM
		AppStore|iPhone = AppStore|iPhone
		AppStore|iPhoneSimulator = AppStore|iPhoneSimulator
		AppStore|x64 = AppStore|x64
		AppStore|x86 = AppStore|x86
		Debug|Any CPU = Debug|Any CPU
		Debug|ARM = Debug|ARM
		Debug|iPhone = Debug|iPhone
		Debug|iPhoneSimulator = Debug|iPhoneSimulator
		Debug|x64 = Debug|x64
		Debug|x86 = Debug|x86
		Release|Any CPU = Release|Any CPU
		Release|ARM = Release|ARM
		Release|iPhone = Release|iPhone
		Release|iPhoneSimulator = Release|iPhoneSimulator
		Release|x64 = Release|x64
		Release|x86 = Release|x86
	EndGlobalSection
	GlobalSection(ProjectConfigurationPlatforms) = postSolution
		{0E9E66A5-61A0-4A3D-B912-2A27A7AC0646}.Ad-Hoc|Any CPU.ActiveCfg = Release|Any CPU
		{0E9E66A5-61A0-4A3D-B912-2A27A7AC0646}.Ad-Hoc|Any CPU.Build.0 = Release|Any CPU
		{0E9E66A5-61A0-4A3D-B912-2A27A7AC0646}.Ad-Hoc|Any CPU.Deploy.0 = Release|Any CPU
		{0E9E66A5-61A0-4A3D-B912-2A27A7AC0646}.Ad-Hoc|ARM.ActiveCfg = Release|Any CPU
		{0E9E66A5-61A0-4A3D-B912-2A27A7AC0646}.Ad-Hoc|ARM.Build.0 = Release|Any CPU
		{0E9E66A5-61A0-4A3D-B912-2A27A7AC0646}.Ad-Hoc|ARM.Deploy.0 = Release|Any CPU
		{0E9E66A5-61A0-4A3D-B912-2A27A7AC0646}.Ad-Hoc|iPhone.ActiveCfg = Release|Any CPU
		{0E9E66A5-61A0-4A3D-B912-2A27A7AC0646}.Ad-Hoc|iPhone.Build.0 = Release|Any CPU
		{0E9E66A5-61A0-4A3D-B912-2A27A7AC0646}.Ad-Hoc|iPhone.Deploy.0 = Release|Any CPU
		{0E9E66A5-61A0-4A3D-B912-2A27A7AC0646}.Ad-Hoc|iPhoneSimulator.ActiveCfg = Release|Any CPU
		{0E9E66A5-61A0-4A3D-B912-2A27A7AC0646}.Ad-Hoc|iPhoneSimulator.Build.0 = Release|Any CPU
		{0E9E66A5-61A0-4A3D-B912-2A27A7AC0646}.Ad-Hoc|iPhoneSimulator.Deploy.0 = Release|Any CPU
		{0E9E66A5-61A0-4A3D-B912-2A27A7AC0646}.Ad-Hoc|x64.ActiveCfg = Release|Any CPU
		{0E9E66A5-61A0-4A3D-B912-2A27A7AC0646}.Ad-Hoc|x64.Build.0 = Release|Any CPU
		{0E9E66A5-61A0-4A3D-B912-2A27A7AC0646}.Ad-Hoc|x64.Deploy.0 = Release|Any CPU
		{0E9E66A5-61A0-4A3D-B912-2A27A7AC0646}.Ad-Hoc|x86.ActiveCfg = Release|Any CPU
		{0E9E66A5-61A0-4A3D-B912-2A27A7AC0646}.Ad-Hoc|x86.Build.0 = Release|Any CPU
		{0E9E66A5-61A0-4A3D-B912-2A27A7AC0646}.Ad-Hoc|x86.Deploy.0 = Release|Any CPU
		{0E9E66A5-61A0-4A3D-B912-2A27A7AC0646}.AppStore|Any CPU.ActiveCfg = Release|Any CPU
		{0E9E66A5-61A0-4A3D-B912-2A27A7AC0646}.AppStore|Any CPU.Build.0 = Release|Any CPU
		{0E9E66A5-61A0-4A3D-B912-2A27A7AC0646}.AppStore|Any CPU.Deploy.0 = Release|Any CPU
		{0E9E66A5-61A0-4A3D-B912-2A27A7AC0646}.AppStore|ARM.ActiveCfg = Release|Any CPU
		{0E9E66A5-61A0-4A3D-B912-2A27A7AC0646}.AppStore|ARM.Build.0 = Release|Any CPU
		{0E9E66A5-61A0-4A3D-B912-2A27A7AC0646}.AppStore|ARM.Deploy.0 = Release|Any CPU
		{0E9E66A5-61A0-4A3D-B912-2A27A7AC0646}.AppStore|iPhone.ActiveCfg = Release|Any CPU
		{0E9E66A5-61A0-4A3D-B912-2A27A7AC0646}.AppStore|iPhone.Build.0 = Release|Any CPU
		{0E9E66A5-61A0-4A3D-B912-2A27A7AC0646}.AppStore|iPhone.Deploy.0 = Release|Any CPU
		{0E9E66A5-61A0-4A3D-B912-2A27A7AC0646}.AppStore|iPhoneSimulator.ActiveCfg = Release|Any CPU
		{0E9E66A5-61A0-4A3D-B912-2A27A7AC0646}.AppStore|iPhoneSimulator.Build.0 = Release|Any CPU
		{0E9E66A5-61A0-4A3D-B912-2A27A7AC0646}.AppStore|iPhoneSimulator.Deploy.0 = Release|Any CPU
		{0E9E66A5-61A0-4A3D-B912-2A27A7AC0646}.AppStore|x64.ActiveCfg = Release|Any CPU
		{0E9E66A5-61A0-4A3D-B912-2A27A7AC0646}.AppStore|x64.Build.0 = Release|Any CPU
		{0E9E66A5-61A0-4A3D-B912-2A27A7AC0646}.AppStore|x64.Deploy.0 = Release|Any CPU
		{0E9E66A5-61A0-4A3D-B912-2A27A7AC0646}.AppStore|x86.ActiveCfg = Release|Any CPU
		{0E9E66A5-61A0-4A3D-B912-2A27A7AC0646}.AppStore|x86.Build.0 = Release|Any CPU
		{0E9E66A5-61A0-4A3D-B912-2A27A7AC0646}.AppStore|x86.Deploy.0 = Release|Any CPU
		{0E9E66A5-61A0-4A3D-B912-2A27A7AC0646}.Debug|Any CPU.ActiveCfg = Debug|Any CPU
		{0E9E66A5-61A0-4A3D-B912-2A27A7AC0646}.Debug|Any CPU.Build.0 = Debug|Any CPU
		{0E9E66A5-61A0-4A3D-B912-2A27A7AC0646}.Debug|Any CPU.Deploy.0 = Debug|Any CPU
		{0E9E66A5-61A0-4A3D-B912-2A27A7AC0646}.Debug|ARM.ActiveCfg = Debug|Any CPU
		{0E9E66A5-61A0-4A3D-B912-2A27A7AC0646}.Debug|ARM.Build.0 = Debug|Any CPU
		{0E9E66A5-61A0-4A3D-B912-2A27A7AC0646}.Debug|ARM.Deploy.0 = Debug|Any CPU
		{0E9E66A5-61A0-4A3D-B912-2A27A7AC0646}.Debug|iPhone.ActiveCfg = Debug|Any CPU
		{0E9E66A5-61A0-4A3D-B912-2A27A7AC0646}.Debug|iPhone.Build.0 = Debug|Any CPU
		{0E9E66A5-61A0-4A3D-B912-2A27A7AC0646}.Debug|iPhone.Deploy.0 = Debug|Any CPU
		{0E9E66A5-61A0-4A3D-B912-2A27A7AC0646}.Debug|iPhoneSimulator.ActiveCfg = Debug|Any CPU
		{0E9E66A5-61A0-4A3D-B912-2A27A7AC0646}.Debug|iPhoneSimulator.Build.0 = Debug|Any CPU
		{0E9E66A5-61A0-4A3D-B912-2A27A7AC0646}.Debug|iPhoneSimulator.Deploy.0 = Debug|Any CPU
		{0E9E66A5-61A0-4A3D-B912-2A27A7AC0646}.Debug|x64.ActiveCfg = Debug|Any CPU
		{0E9E66A5-61A0-4A3D-B912-2A27A7AC0646}.Debug|x64.Build.0 = Debug|Any CPU
		{0E9E66A5-61A0-4A3D-B912-2A27A7AC0646}.Debug|x64.Deploy.0 = Debug|Any CPU
		{0E9E66A5-61A0-4A3D-B912-2A27A7AC0646}.Debug|x86.ActiveCfg = Debug|Any CPU
		{0E9E66A5-61A0-4A3D-B912-2A27A7AC0646}.Debug|x86.Build.0 = Debug|Any CPU
		{0E9E66A5-61A0-4A3D-B912-2A27A7AC0646}.Debug|x86.Deploy.0 = Debug|Any CPU
		{0E9E66A5-61A0-4A3D-B912-2A27A7AC0646}.Release|Any CPU.ActiveCfg = Release|Any CPU
		{0E9E66A5-61A0-4A3D-B912-2A27A7AC0646}.Release|Any CPU.Build.0 = Release|Any CPU
		{0E9E66A5-61A0-4A3D-B912-2A27A7AC0646}.Release|Any CPU.Deploy.0 = Release|Any CPU
		{0E9E66A5-61A0-4A3D-B912-2A27A7AC0646}.Release|ARM.ActiveCfg = Release|Any CPU
		{0E9E66A5-61A0-4A3D-B912-2A27A7AC0646}.Release|ARM.Build.0 = Release|Any CPU
		{0E9E66A5-61A0-4A3D-B912-2A27A7AC0646}.Release|ARM.Deploy.0 = Release|Any CPU
		{0E9E66A5-61A0-4A3D-B912-2A27A7AC0646}.Release|iPhone.ActiveCfg = Release|Any CPU
		{0E9E66A5-61A0-4A3D-B912-2A27A7AC0646}.Release|iPhone.Build.0 = Release|Any CPU
		{0E9E66A5-61A0-4A3D-B912-2A27A7AC0646}.Release|iPhone.Deploy.0 = Release|Any CPU
		{0E9E66A5-61A0-4A3D-B912-2A27A7AC0646}.Release|iPhoneSimulator.ActiveCfg = Release|Any CPU
		{0E9E66A5-61A0-4A3D-B912-2A27A7AC0646}.Release|iPhoneSimulator.Build.0 = Release|Any CPU
		{0E9E66A5-61A0-4A3D-B912-2A27A7AC0646}.Release|iPhoneSimulator.Deploy.0 = Release|Any CPU
		{0E9E66A5-61A0-4A3D-B912-2A27A7AC0646}.Release|x64.ActiveCfg = Release|Any CPU
		{0E9E66A5-61A0-4A3D-B912-2A27A7AC0646}.Release|x64.Build.0 = Release|Any CPU
		{0E9E66A5-61A0-4A3D-B912-2A27A7AC0646}.Release|x64.Deploy.0 = Release|Any CPU
		{0E9E66A5-61A0-4A3D-B912-2A27A7AC0646}.Release|x86.ActiveCfg = Release|Any CPU
		{0E9E66A5-61A0-4A3D-B912-2A27A7AC0646}.Release|x86.Build.0 = Release|Any CPU
		{0E9E66A5-61A0-4A3D-B912-2A27A7AC0646}.Release|x86.Deploy.0 = Release|Any CPU
		{F00DF161-533C-4A78-8AD6-0FA4A782E65D}.Ad-Hoc|Any CPU.ActiveCfg = Release|Any CPU
		{F00DF161-533C-4A78-8AD6-0FA4A782E65D}.Ad-Hoc|Any CPU.Build.0 = Release|Any CPU
		{F00DF161-533C-4A78-8AD6-0FA4A782E65D}.Ad-Hoc|ARM.ActiveCfg = Release|Any CPU
		{F00DF161-533C-4A78-8AD6-0FA4A782E65D}.Ad-Hoc|ARM.Build.0 = Release|Any CPU
		{F00DF161-533C-4A78-8AD6-0FA4A782E65D}.Ad-Hoc|iPhone.ActiveCfg = Release|Any CPU
		{F00DF161-533C-4A78-8AD6-0FA4A782E65D}.Ad-Hoc|iPhone.Build.0 = Release|Any CPU
		{F00DF161-533C-4A78-8AD6-0FA4A782E65D}.Ad-Hoc|iPhoneSimulator.ActiveCfg = Release|Any CPU
		{F00DF161-533C-4A78-8AD6-0FA4A782E65D}.Ad-Hoc|iPhoneSimulator.Build.0 = Release|Any CPU
		{F00DF161-533C-4A78-8AD6-0FA4A782E65D}.Ad-Hoc|x64.ActiveCfg = Release|Any CPU
		{F00DF161-533C-4A78-8AD6-0FA4A782E65D}.Ad-Hoc|x64.Build.0 = Release|Any CPU
		{F00DF161-533C-4A78-8AD6-0FA4A782E65D}.Ad-Hoc|x86.ActiveCfg = Release|Any CPU
		{F00DF161-533C-4A78-8AD6-0FA4A782E65D}.Ad-Hoc|x86.Build.0 = Release|Any CPU
		{F00DF161-533C-4A78-8AD6-0FA4A782E65D}.AppStore|Any CPU.ActiveCfg = Release|Any CPU
		{F00DF161-533C-4A78-8AD6-0FA4A782E65D}.AppStore|Any CPU.Build.0 = Release|Any CPU
		{F00DF161-533C-4A78-8AD6-0FA4A782E65D}.AppStore|ARM.ActiveCfg = Release|Any CPU
		{F00DF161-533C-4A78-8AD6-0FA4A782E65D}.AppStore|ARM.Build.0 = Release|Any CPU
		{F00DF161-533C-4A78-8AD6-0FA4A782E65D}.AppStore|iPhone.ActiveCfg = Release|Any CPU
		{F00DF161-533C-4A78-8AD6-0FA4A782E65D}.AppStore|iPhone.Build.0 = Release|Any CPU
		{F00DF161-533C-4A78-8AD6-0FA4A782E65D}.AppStore|iPhoneSimulator.ActiveCfg = Release|Any CPU
		{F00DF161-533C-4A78-8AD6-0FA4A782E65D}.AppStore|iPhoneSimulator.Build.0 = Release|Any CPU
		{F00DF161-533C-4A78-8AD6-0FA4A782E65D}.AppStore|x64.ActiveCfg = Release|Any CPU
		{F00DF161-533C-4A78-8AD6-0FA4A782E65D}.AppStore|x64.Build.0 = Release|Any CPU
		{F00DF161-533C-4A78-8AD6-0FA4A782E65D}.AppStore|x86.ActiveCfg = Release|Any CPU
		{F00DF161-533C-4A78-8AD6-0FA4A782E65D}.AppStore|x86.Build.0 = Release|Any CPU
		{F00DF161-533C-4A78-8AD6-0FA4A782E65D}.Debug|Any CPU.ActiveCfg = Debug|Any CPU
		{F00DF161-533C-4A78-8AD6-0FA4A782E65D}.Debug|Any CPU.Build.0 = Debug|Any CPU
		{F00DF161-533C-4A78-8AD6-0FA4A782E65D}.Debug|ARM.ActiveCfg = Debug|Any CPU
		{F00DF161-533C-4A78-8AD6-0FA4A782E65D}.Debug|ARM.Build.0 = Debug|Any CPU
		{F00DF161-533C-4A78-8AD6-0FA4A782E65D}.Debug|iPhone.ActiveCfg = Debug|Any CPU
		{F00DF161-533C-4A78-8AD6-0FA4A782E65D}.Debug|iPhone.Build.0 = Debug|Any CPU
		{F00DF161-533C-4A78-8AD6-0FA4A782E65D}.Debug|iPhoneSimulator.ActiveCfg = Debug|Any CPU
		{F00DF161-533C-4A78-8AD6-0FA4A782E65D}.Debug|iPhoneSimulator.Build.0 = Debug|Any CPU
		{F00DF161-533C-4A78-8AD6-0FA4A782E65D}.Debug|x64.ActiveCfg = Debug|Any CPU
		{F00DF161-533C-4A78-8AD6-0FA4A782E65D}.Debug|x64.Build.0 = Debug|Any CPU
		{F00DF161-533C-4A78-8AD6-0FA4A782E65D}.Debug|x86.ActiveCfg = Debug|Any CPU
		{F00DF161-533C-4A78-8AD6-0FA4A782E65D}.Debug|x86.Build.0 = Debug|Any CPU
		{F00DF161-533C-4A78-8AD6-0FA4A782E65D}.Release|Any CPU.ActiveCfg = Release|Any CPU
		{F00DF161-533C-4A78-8AD6-0FA4A782E65D}.Release|Any CPU.Build.0 = Release|Any CPU
		{F00DF161-533C-4A78-8AD6-0FA4A782E65D}.Release|ARM.ActiveCfg = Release|Any CPU
		{F00DF161-533C-4A78-8AD6-0FA4A782E65D}.Release|ARM.Build.0 = Release|Any CPU
		{F00DF161-533C-4A78-8AD6-0FA4A782E65D}.Release|iPhone.ActiveCfg = Release|Any CPU
		{F00DF161-533C-4A78-8AD6-0FA4A782E65D}.Release|iPhone.Build.0 = Release|Any CPU
		{F00DF161-533C-4A78-8AD6-0FA4A782E65D}.Release|iPhoneSimulator.ActiveCfg = Release|Any CPU
		{F00DF161-533C-4A78-8AD6-0FA4A782E65D}.Release|iPhoneSimulator.Build.0 = Release|Any CPU
		{F00DF161-533C-4A78-8AD6-0FA4A782E65D}.Release|x64.ActiveCfg = Release|Any CPU
		{F00DF161-533C-4A78-8AD6-0FA4A782E65D}.Release|x64.Build.0 = Release|Any CPU
		{F00DF161-533C-4A78-8AD6-0FA4A782E65D}.Release|x86.ActiveCfg = Release|Any CPU
		{F00DF161-533C-4A78-8AD6-0FA4A782E65D}.Release|x86.Build.0 = Release|Any CPU
		{331FF2F3-7723-4C71-96D4-E016153B36D4}.Ad-Hoc|Any CPU.ActiveCfg = Release|x86
		{331FF2F3-7723-4C71-96D4-E016153B36D4}.Ad-Hoc|Any CPU.Build.0 = Release|x86
		{331FF2F3-7723-4C71-96D4-E016153B36D4}.Ad-Hoc|Any CPU.Deploy.0 = Release|x86
		{331FF2F3-7723-4C71-96D4-E016153B36D4}.Ad-Hoc|ARM.ActiveCfg = Release|ARM
		{331FF2F3-7723-4C71-96D4-E016153B36D4}.Ad-Hoc|ARM.Build.0 = Release|ARM
		{331FF2F3-7723-4C71-96D4-E016153B36D4}.Ad-Hoc|ARM.Deploy.0 = Release|ARM
		{331FF2F3-7723-4C71-96D4-E016153B36D4}.Ad-Hoc|iPhone.ActiveCfg = Release|x86
		{331FF2F3-7723-4C71-96D4-E016153B36D4}.Ad-Hoc|iPhone.Build.0 = Release|x86
		{331FF2F3-7723-4C71-96D4-E016153B36D4}.Ad-Hoc|iPhone.Deploy.0 = Release|x86
		{331FF2F3-7723-4C71-96D4-E016153B36D4}.Ad-Hoc|iPhoneSimulator.ActiveCfg = Release|x86
		{331FF2F3-7723-4C71-96D4-E016153B36D4}.Ad-Hoc|iPhoneSimulator.Build.0 = Release|x86
		{331FF2F3-7723-4C71-96D4-E016153B36D4}.Ad-Hoc|iPhoneSimulator.Deploy.0 = Release|x86
		{331FF2F3-7723-4C71-96D4-E016153B36D4}.Ad-Hoc|x64.ActiveCfg = Release|x64
		{331FF2F3-7723-4C71-96D4-E016153B36D4}.Ad-Hoc|x64.Build.0 = Release|x64
		{331FF2F3-7723-4C71-96D4-E016153B36D4}.Ad-Hoc|x64.Deploy.0 = Release|x64
		{331FF2F3-7723-4C71-96D4-E016153B36D4}.Ad-Hoc|x86.ActiveCfg = Release|x86
		{331FF2F3-7723-4C71-96D4-E016153B36D4}.Ad-Hoc|x86.Build.0 = Release|x86
		{331FF2F3-7723-4C71-96D4-E016153B36D4}.Ad-Hoc|x86.Deploy.0 = Release|x86
		{331FF2F3-7723-4C71-96D4-E016153B36D4}.AppStore|Any CPU.ActiveCfg = Release|x86
		{331FF2F3-7723-4C71-96D4-E016153B36D4}.AppStore|Any CPU.Build.0 = Release|x86
		{331FF2F3-7723-4C71-96D4-E016153B36D4}.AppStore|Any CPU.Deploy.0 = Release|x86
		{331FF2F3-7723-4C71-96D4-E016153B36D4}.AppStore|ARM.ActiveCfg = Release|ARM
		{331FF2F3-7723-4C71-96D4-E016153B36D4}.AppStore|ARM.Build.0 = Release|ARM
		{331FF2F3-7723-4C71-96D4-E016153B36D4}.AppStore|ARM.Deploy.0 = Release|ARM
		{331FF2F3-7723-4C71-96D4-E016153B36D4}.AppStore|iPhone.ActiveCfg = Release|x86
		{331FF2F3-7723-4C71-96D4-E016153B36D4}.AppStore|iPhone.Build.0 = Release|x86
		{331FF2F3-7723-4C71-96D4-E016153B36D4}.AppStore|iPhone.Deploy.0 = Release|x86
		{331FF2F3-7723-4C71-96D4-E016153B36D4}.AppStore|iPhoneSimulator.ActiveCfg = Release|x86
		{331FF2F3-7723-4C71-96D4-E016153B36D4}.AppStore|iPhoneSimulator.Build.0 = Release|x86
		{331FF2F3-7723-4C71-96D4-E016153B36D4}.AppStore|iPhoneSimulator.Deploy.0 = Release|x86
		{331FF2F3-7723-4C71-96D4-E016153B36D4}.AppStore|x64.ActiveCfg = Release|x64
		{331FF2F3-7723-4C71-96D4-E016153B36D4}.AppStore|x64.Build.0 = Release|x64
		{331FF2F3-7723-4C71-96D4-E016153B36D4}.AppStore|x64.Deploy.0 = Release|x64
		{331FF2F3-7723-4C71-96D4-E016153B36D4}.AppStore|x86.ActiveCfg = Release|x86
		{331FF2F3-7723-4C71-96D4-E016153B36D4}.AppStore|x86.Build.0 = Release|x86
		{331FF2F3-7723-4C71-96D4-E016153B36D4}.AppStore|x86.Deploy.0 = Release|x86
		{331FF2F3-7723-4C71-96D4-E016153B36D4}.Debug|Any CPU.ActiveCfg = Debug|x86
		{331FF2F3-7723-4C71-96D4-E016153B36D4}.Debug|ARM.ActiveCfg = Debug|ARM
		{331FF2F3-7723-4C71-96D4-E016153B36D4}.Debug|ARM.Build.0 = Debug|ARM
		{331FF2F3-7723-4C71-96D4-E016153B36D4}.Debug|ARM.Deploy.0 = Debug|ARM
		{331FF2F3-7723-4C71-96D4-E016153B36D4}.Debug|iPhone.ActiveCfg = Debug|x86
		{331FF2F3-7723-4C71-96D4-E016153B36D4}.Debug|iPhoneSimulator.ActiveCfg = Debug|x86
		{331FF2F3-7723-4C71-96D4-E016153B36D4}.Debug|x64.ActiveCfg = Debug|x64
		{331FF2F3-7723-4C71-96D4-E016153B36D4}.Debug|x64.Build.0 = Debug|x64
		{331FF2F3-7723-4C71-96D4-E016153B36D4}.Debug|x64.Deploy.0 = Debug|x64
		{331FF2F3-7723-4C71-96D4-E016153B36D4}.Debug|x86.ActiveCfg = Debug|x86
		{331FF2F3-7723-4C71-96D4-E016153B36D4}.Debug|x86.Build.0 = Debug|x86
		{331FF2F3-7723-4C71-96D4-E016153B36D4}.Debug|x86.Deploy.0 = Debug|x86
		{331FF2F3-7723-4C71-96D4-E016153B36D4}.Release|Any CPU.ActiveCfg = Release|x86
		{331FF2F3-7723-4C71-96D4-E016153B36D4}.Release|ARM.ActiveCfg = Release|ARM
		{331FF2F3-7723-4C71-96D4-E016153B36D4}.Release|ARM.Build.0 = Release|ARM
		{331FF2F3-7723-4C71-96D4-E016153B36D4}.Release|ARM.Deploy.0 = Release|ARM
		{331FF2F3-7723-4C71-96D4-E016153B36D4}.Release|iPhone.ActiveCfg = Release|x86
		{331FF2F3-7723-4C71-96D4-E016153B36D4}.Release|iPhoneSimulator.ActiveCfg = Release|x86
		{331FF2F3-7723-4C71-96D4-E016153B36D4}.Release|x64.ActiveCfg = Release|x64
		{331FF2F3-7723-4C71-96D4-E016153B36D4}.Release|x64.Build.0 = Release|x64
		{331FF2F3-7723-4C71-96D4-E016153B36D4}.Release|x64.Deploy.0 = Release|x64
		{331FF2F3-7723-4C71-96D4-E016153B36D4}.Release|x86.ActiveCfg = Release|x86
		{331FF2F3-7723-4C71-96D4-E016153B36D4}.Release|x86.Build.0 = Release|x86
		{331FF2F3-7723-4C71-96D4-E016153B36D4}.Release|x86.Deploy.0 = Release|x86
		{E9CBF2B8-26E4-4925-A505-7E2D08B2A0F7}.Ad-Hoc|Any CPU.ActiveCfg = Ad-Hoc|iPhone
		{E9CBF2B8-26E4-4925-A505-7E2D08B2A0F7}.Ad-Hoc|ARM.ActiveCfg = Ad-Hoc|iPhone
		{E9CBF2B8-26E4-4925-A505-7E2D08B2A0F7}.Ad-Hoc|iPhone.ActiveCfg = Ad-Hoc|iPhone
		{E9CBF2B8-26E4-4925-A505-7E2D08B2A0F7}.Ad-Hoc|iPhone.Build.0 = Ad-Hoc|iPhone
		{E9CBF2B8-26E4-4925-A505-7E2D08B2A0F7}.Ad-Hoc|iPhoneSimulator.ActiveCfg = Ad-Hoc|iPhoneSimulator
		{E9CBF2B8-26E4-4925-A505-7E2D08B2A0F7}.Ad-Hoc|iPhoneSimulator.Build.0 = Ad-Hoc|iPhoneSimulator
		{E9CBF2B8-26E4-4925-A505-7E2D08B2A0F7}.Ad-Hoc|x64.ActiveCfg = Ad-Hoc|iPhone
		{E9CBF2B8-26E4-4925-A505-7E2D08B2A0F7}.Ad-Hoc|x86.ActiveCfg = Ad-Hoc|iPhone
		{E9CBF2B8-26E4-4925-A505-7E2D08B2A0F7}.AppStore|Any CPU.ActiveCfg = AppStore|iPhone
		{E9CBF2B8-26E4-4925-A505-7E2D08B2A0F7}.AppStore|ARM.ActiveCfg = AppStore|iPhone
		{E9CBF2B8-26E4-4925-A505-7E2D08B2A0F7}.AppStore|iPhone.ActiveCfg = AppStore|iPhone
		{E9CBF2B8-26E4-4925-A505-7E2D08B2A0F7}.AppStore|iPhone.Build.0 = AppStore|iPhone
		{E9CBF2B8-26E4-4925-A505-7E2D08B2A0F7}.AppStore|iPhoneSimulator.ActiveCfg = AppStore|iPhoneSimulator
		{E9CBF2B8-26E4-4925-A505-7E2D08B2A0F7}.AppStore|iPhoneSimulator.Build.0 = AppStore|iPhoneSimulator
		{E9CBF2B8-26E4-4925-A505-7E2D08B2A0F7}.AppStore|x64.ActiveCfg = AppStore|iPhone
		{E9CBF2B8-26E4-4925-A505-7E2D08B2A0F7}.AppStore|x86.ActiveCfg = AppStore|iPhone
		{E9CBF2B8-26E4-4925-A505-7E2D08B2A0F7}.Debug|Any CPU.ActiveCfg = Debug|iPhone
		{E9CBF2B8-26E4-4925-A505-7E2D08B2A0F7}.Debug|ARM.ActiveCfg = Debug|iPhone
		{E9CBF2B8-26E4-4925-A505-7E2D08B2A0F7}.Debug|iPhone.ActiveCfg = Debug|iPhone
		{E9CBF2B8-26E4-4925-A505-7E2D08B2A0F7}.Debug|iPhone.Build.0 = Debug|iPhone
		{E9CBF2B8-26E4-4925-A505-7E2D08B2A0F7}.Debug|iPhoneSimulator.ActiveCfg = Debug|iPhoneSimulator
		{E9CBF2B8-26E4-4925-A505-7E2D08B2A0F7}.Debug|iPhoneSimulator.Build.0 = Debug|iPhoneSimulator
		{E9CBF2B8-26E4-4925-A505-7E2D08B2A0F7}.Debug|x64.ActiveCfg = Debug|iPhone
		{E9CBF2B8-26E4-4925-A505-7E2D08B2A0F7}.Debug|x86.ActiveCfg = Debug|iPhone
		{E9CBF2B8-26E4-4925-A505-7E2D08B2A0F7}.Release|Any CPU.ActiveCfg = Release|iPhone
		{E9CBF2B8-26E4-4925-A505-7E2D08B2A0F7}.Release|ARM.ActiveCfg = Release|iPhone
		{E9CBF2B8-26E4-4925-A505-7E2D08B2A0F7}.Release|iPhone.ActiveCfg = Release|iPhone
		{E9CBF2B8-26E4-4925-A505-7E2D08B2A0F7}.Release|iPhone.Build.0 = Release|iPhone
		{E9CBF2B8-26E4-4925-A505-7E2D08B2A0F7}.Release|iPhoneSimulator.ActiveCfg = Release|iPhoneSimulator
		{E9CBF2B8-26E4-4925-A505-7E2D08B2A0F7}.Release|iPhoneSimulator.Build.0 = Release|iPhoneSimulator
		{E9CBF2B8-26E4-4925-A505-7E2D08B2A0F7}.Release|x64.ActiveCfg = Release|iPhone
		{E9CBF2B8-26E4-4925-A505-7E2D08B2A0F7}.Release|x86.ActiveCfg = Release|iPhone
	EndGlobalSection
	GlobalSection(SolutionProperties) = preSolution
		HideSolutionNode = FALSE
	EndGlobalSection
EndGlobal
